
Microsoft Visual Studio Solution File, Format Version 12.00
# Visual Studio Version 16
VisualStudioVersion = 16.0.32802.440
MinimumVisualStudioVersion = 10.0.40219.1
Project("{FAE04EC0-301F-11D3-BF4B-00C04F79EFBC}") = "xadrez-console", "xadrez-console\xadrez-console.csproj", "{2BA51400-C6E3-4F44-8BB4-2FEDCA9B8DE5}"
EndProject
Global
	GlobalSection(SolutionConfigurationPlatforms) = preSolution
		Debug|Any CPU = Debug|Any CPU
		Release|Any CPU = Release|Any CPU
	EndGlobalSection
	GlobalSection(ProjectConfigurationPlatforms) = postSolution
		{2BA51400-C6E3-4F44-8BB4-2FEDCA9B8DE5}.Debug|Any CPU.ActiveCfg = Debug|Any CPU
		{2BA51400-C6E3-4F44-8BB4-2FEDCA9B8DE5}.Debug|Any CPU.Build.0 = Debug|Any CPU
		{2BA51400-C6E3-4F44-8BB4-2FEDCA9B8DE5}.Release|Any CPU.ActiveCfg = Release|Any CPU
		{2BA51400-C6E3-4F44-8BB4-2FEDCA9B8DE5}.Release|Any CPU.Build.0 = Release|Any CPU
	EndGlobalSection
	GlobalSection(SolutionProperties) = preSolution
		HideSolutionNode = FALSE
	EndGlobalSection
	GlobalSection(ExtensibilityGlobals) = postSolution
		SolutionGuid = {F7B874D5-13E8-4265-B56B-FCB07047E9DD}
	EndGlobalSection
EndGlobal
